
Microsoft Visual Studio Solution File, Format Version 12.00
# Visual Studio Version 16
VisualStudioVersion = 16.0.31424.327
MinimumVisualStudioVersion = 10.0.40219.1
Project("{FAE04EC0-301F-11D3-BF4B-00C04F79EFBC}") = "WpfBank", "WpfBank.csproj", "{613C52A0-8BAA-42A1-930B-D9E51AFC6EE8}"
EndProject
Global
	GlobalSection(SolutionConfigurationPlatforms) = preSolution
		Debug|Any CPU = Debug|Any CPU
		Release|Any CPU = Release|Any CPU
	EndGlobalSection
	GlobalSection(ProjectConfigurationPlatforms) = postSolution
		{613C52A0-8BAA-42A1-930B-D9E51AFC6EE8}.Debug|Any CPU.ActiveCfg = Debug|Any CPU
		{613C52A0-8BAA-42A1-930B-D9E51AFC6EE8}.Debug|Any CPU.Build.0 = Debug|Any CPU
		{613C52A0-8BAA-42A1-930B-D9E51AFC6EE8}.Release|Any CPU.ActiveCfg = Release|Any CPU
		{613C52A0-8BAA-42A1-930B-D9E51AFC6EE8}.Release|Any CPU.Build.0 = Release|Any CPU
	EndGlobalSection
	GlobalSection(SolutionProperties) = preSolution
		HideSolutionNode = FALSE
	EndGlobalSection
	GlobalSection(ExtensibilityGlobals) = postSolution
		SolutionGuid = {44662D8F-C917-4A16-99F2-851C67FA4F20}
	EndGlobalSection
EndGlobal
